{
  "name": "@swimlane/ngx-charts",
  "version": "16.0.0",
  "lockfileVersion": 1,
  "requires": true,
  "dependencies": {
    "d3-array": {
      "version": "2.9.1",
      "resolved": "https://registry.npmjs.org/d3-array/-/d3-array-2.9.1.tgz",
      "integrity": "sha512-Ob7RdOtkqsjx1NWyQHMFLtCSk6/aKTxDdC4ZIolX+O+mDD2RzrsYgAyc0WGAlfYFVELLSilS7w8BtE3PKM8bHg=="
    },
    "d3-brush": {
      "version": "2.1.0",
      "resolved": "https://registry.npmjs.org/d3-brush/-/d3-brush-2.1.0.tgz",
      "integrity": "sha512-cHLLAFatBATyIKqZOkk/mDHUbzne2B3ZwxkzMHvFTCZCmLaXDpZRihQSn8UNXTkGD/3lb/W2sQz0etAftmHMJQ==",
      "requires": {
        "d3-dispatch": "1 - 2",
        "d3-drag": "2",
        "d3-interpolate": "1 - 2",
        "d3-selection": "2",
        "d3-transition": "2"
      }
    },
    "d3-color": {
      "version": "2.0.0",
      "resolved": "https://registry.npmjs.org/d3-color/-/d3-color-2.0.0.tgz",
      "integrity": "sha512-SPXi0TSKPD4g9tw0NMZFnR95XVgUZiBH+uUTqQuDu1OsE2zomHU7ho0FISciaPvosimixwHFl3WHLGabv6dDgQ=="
    },
    "d3-dispatch": {
      "version": "1.0.6",
      "resolved": "https://registry.npmjs.org/d3-dispatch/-/d3-dispatch-1.0.6.tgz",
      "integrity": "sha512-fVjoElzjhCEy+Hbn8KygnmMS7Or0a9sI2UzGwoB7cCtvI1XpVN9GpoYlnb3xt2YV66oXYb1fLJ8GMvP4hdU1RA=="
    },
    "d3-drag": {
      "version": "2.0.0",
      "resolved": "https://registry.npmjs.org/d3-drag/-/d3-drag-2.0.0.tgz",
      "integrity": "sha512-g9y9WbMnF5uqB9qKqwIIa/921RYWzlUDv9Jl1/yONQwxbOfszAWTCm8u7HOTgJgRDXiRZN56cHT9pd24dmXs8w==",
      "requires": {
        "d3-dispatch": "1 - 2",
        "d3-selection": "2"
      }
    },
    "d3-ease": {
      "version": "1.0.7",
      "resolved": "https://registry.npmjs.org/d3-ease/-/d3-ease-1.0.7.tgz",
      "integrity": "sha512-lx14ZPYkhNx0s/2HX5sLFUI3mbasHjSSpwO/KaaNACweVwxUruKyWVcb293wMv1RqTPZyZ8kSZ2NogUZNcLOFQ=="
    },
    "d3-format": {
      "version": "2.0.0",
      "resolved": "https://registry.npmjs.org/d3-format/-/d3-format-2.0.0.tgz",
      "integrity": "sha512-Ab3S6XuE/Q+flY96HXT0jOXcM4EAClYFnRGY5zsjRGNy6qCYrQsMffs7cV5Q9xejb35zxW5hf/guKw34kvIKsA=="
    },
    "d3-hierarchy": {
      "version": "2.0.0",
      "resolved": "https://registry.npmjs.org/d3-hierarchy/-/d3-hierarchy-2.0.0.tgz",
      "integrity": "sha512-SwIdqM3HxQX2214EG9GTjgmCc/mbSx4mQBn+DuEETubhOw6/U3fmnji4uCVrmzOydMHSO1nZle5gh6HB/wdOzw=="
    },
    "d3-interpolate": {
      "version": "2.0.1",
      "resolved": "https://registry.npmjs.org/d3-interpolate/-/d3-interpolate-2.0.1.tgz",
      "integrity": "sha512-c5UhwwTs/yybcmTpAVqwSFl6vrQ8JZJoT5F7xNFK9pymv5C0Ymcc9/LIJHtYIggg/yS9YHw8i8O8tgb9pupjeQ==",
      "requires": {
        "d3-color": "1 - 2"
      }
    },
    "d3-path": {
      "version": "2.0.0",
      "resolved": "https://registry.npmjs.org/d3-path/-/d3-path-2.0.0.tgz",
      "integrity": "sha512-ZwZQxKhBnv9yHaiWd6ZU4x5BtCQ7pXszEV9CU6kRgwIQVQGLMv1oiL4M+MK/n79sYzsj+gcgpPQSctJUsLN7fA=="
    },
    "d3-scale": {
      "version": "3.2.3",
      "resolved": "https://registry.npmjs.org/d3-scale/-/d3-scale-3.2.3.tgz",
      "integrity": "sha512-8E37oWEmEzj57bHcnjPVOBS3n4jqakOeuv1EDdQSiSrYnMCBdMd3nc4HtKk7uia8DUHcY/CGuJ42xxgtEYrX0g==",
      "requires": {
        "d3-array": "^2.3.0",
        "d3-format": "1 - 2",
        "d3-interpolate": "1.2.0 - 2",
        "d3-time": "1 - 2",
        "d3-time-format": "2 - 3"
      }
    },
    "d3-selection": {
      "version": "2.0.0",
      "resolved": "https://registry.npmjs.org/d3-selection/-/d3-selection-2.0.0.tgz",
      "integrity": "sha512-XoGGqhLUN/W14NmaqcO/bb1nqjDAw5WtSYb2X8wiuQWvSZUsUVYsOSkOybUrNvcBjaywBdYPy03eXHMXjk9nZA=="
    },
    "d3-shape": {
      "version": "2.0.0",
      "resolved": "https://registry.npmjs.org/d3-shape/-/d3-shape-2.0.0.tgz",
      "integrity": "sha512-djpGlA779ua+rImicYyyjnOjeubyhql1Jyn1HK0bTyawuH76UQRWXd+pftr67H6Fa8hSwetkgb/0id3agKWykw==",
      "requires": {
        "d3-path": "1 - 2"
      }
    },
    "d3-time": {
      "version": "1.1.0",
      "resolved": "https://registry.npmjs.org/d3-time/-/d3-time-1.1.0.tgz",
      "integrity": "sha512-Xh0isrZ5rPYYdqhAVk8VLnMEidhz5aP7htAADH6MfzgmmicPkTo8LhkLxci61/lCB7n7UmE3bN0leRt+qvkLxA=="
    },
    "d3-time-format": {
      "version": "3.0.0",
      "resolved": "https://registry.npmjs.org/d3-time-format/-/d3-time-format-3.0.0.tgz",
      "integrity": "sha512-UXJh6EKsHBTjopVqZBhFysQcoXSv/5yLONZvkQ5Kk3qbwiUYkdX17Xa1PT6U1ZWXGGfB1ey5L8dKMlFq2DO0Ag==",
      "requires": {
        "d3-time": "1 - 2"
      }
    },
    "d3-timer": {
      "version": "1.0.10",
      "resolved": "https://registry.npmjs.org/d3-timer/-/d3-timer-1.0.10.tgz",
      "integrity": "sha512-B1JDm0XDaQC+uvo4DT79H0XmBskgS3l6Ve+1SBCfxgmtIb1AVrPIoqd+nPSv+loMX8szQ0sVUhGngL7D5QPiXw=="
    },
    "d3-transition": {
      "version": "2.0.0",
      "resolved": "https://registry.npmjs.org/d3-transition/-/d3-transition-2.0.0.tgz",
      "integrity": "sha512-42ltAGgJesfQE3u9LuuBHNbGrI/AJjNL2OAUdclE70UE6Vy239GCBEYD38uBPoLeNsOhFStGpPI0BAOV+HMxog==",
      "requires": {
        "d3-color": "1 - 2",
        "d3-dispatch": "1 - 2",
        "d3-ease": "1 - 2",
        "d3-interpolate": "1 - 2",
        "d3-timer": "1 - 2"
      }
    },
    "tslib": {
      "version": "2.0.3",
      "resolved": "https://registry.npmjs.org/tslib/-/tslib-2.0.3.tgz",
      "integrity": "sha512-uZtkfKblCEQtZKBF6EBXVZeQNl82yqtDQdv+eck8u7tdPxjLu2/lp5/uPW+um2tpuxINHWy3GhiccY7QgEaVHQ=="
    }
  }
}
